// !$*UTF8*$!
{
	archiveVersion = 1;
	classes = {
	};
	objectVersion = 46;
	objects = {

/* Begin PBXBuildFile section */
		07F4EEED1D91465D0028A104 /* main.m in Sources */ = {isa = PBXBuildFile; fileRef = 07F4EEEC1D91465D0028A104 /* main.m */; };
		07F4EEF01D91465D0028A104 /* AppDelegate.m in Sources */ = {isa = PBXBuildFile; fileRef = 07F4EEEF1D91465D0028A104 /* AppDelegate.m */; };
		07F4EEF31D91465D0028A104 /* ViewController.m in Sources */ = {isa = PBXBuildFile; fileRef = 07F4EEF21D91465D0028A104 /* ViewController.m */; };
		07F4EEF61D91465D0028A104 /* Main.storyboard in Resources */ = {isa = PBXBuildFile; fileRef = 07F4EEF41D91465D0028A104 /* Main.storyboard */; };
		07F4EEF81D91465D0028A104 /* Assets.xcassets in Resources */ = {isa = PBXBuildFile; fileRef = 07F4EEF71D91465D0028A104 /* Assets.xcassets */; };
		07F4EEFB1D91465D0028A104 /* LaunchScreen.storyboard in Resources */ = {isa = PBXBuildFile; fileRef = 07F4EEF91D91465D0028A104 /* LaunchScreen.storyboard */; };
		07F4EF061D91465D0028A104 /* MyAppTests.m in Sources */ = {isa = PBXBuildFile; fileRef = 07F4EF051D91465D0028A104 /* MyAppTests.m */; };
		07F4EF111D91465D0028A104 /* MyAppUITests.m in Sources */ = {isa = PBXBuildFile; fileRef = 07F4EF101D91465D0028A104 /* MyAppUITests.m */; };
/* End PBXBuildFile section */

/* Begin PBXContainerItemProxy section */
		07F4EF021D91465D0028A104 /* PBXContainerItemProxy */ = {
			isa = PBXContainerItemProxy;
			containerPortal = 07F4EEE01D91465C0028A104 /* Project object */;
			proxyType = 1;
			remoteGlobalIDString = 07F4EEE71D91465C0028A104;
			remoteInfo = MyApp;
		};
		07F4EF0D1D91465D0028A104 /* PBXContainerItemProxy */ = {
			isa = PBXContainerItemProxy;
			containerPortal = 07F4EEE01D91465C0028A104 /* Project object */;
			proxyType = 1;
			remoteGlobalIDString = 07F4EEE71D91465C0028A104;
			remoteInfo = MyApp;
		};
/* End PBXContainerItemProxy section */

/* Begin PBXFileReference section */
		07F4EEE81D91465D0028A104 /* MyApp.app */ = {isa = PBXFileReference; explicitFileType = wrapper.application; includeInIndex = 0; path = MyApp.app; sourceTree = BUILT_PRODUCTS_DIR; };
		07F4EEEC1D91465D0028A104 /* main.m */ = {isa = PBXFileReference; lastKnownFileType = sourcecode.c.objc; path = main.m; sourceTree = "<group>"; };
		07F4EEEE1D91465D0028A104 /* AppDelegate.h */ = {isa = PBXFileReference; lastKnownFileType = sourcecode.c.h; path = AppDelegate.h; sourceTree = "<group>"; };
		07F4EEEF1D91465D0028A104 /* AppDelegate.m */ = {isa = PBXFileReference; lastKnownFileType = sourcecode.c.objc; path = AppDelegate.m; sourceTree = "<group>"; };
		07F4EEF11D91465D0028A104 /* ViewController.h */ = {isa = PBXFileReference; lastKnownFileType = sourcecode.c.h; path = ViewController.h; sourceTree = "<group>"; };
		07F4EEF21D91465D0028A104 /* ViewController.m */ = {isa = PBXFileReference; lastKnownFileType = sourcecode.c.objc; path = ViewController.m; sourceTree = "<group>"; };
		07F4EEF51D91465D0028A104 /* Base */ = {isa = PBXFileReference; lastKnownFileType = file.storyboard; name = Base; path = Base.lproj/Main.storyboard; sourceTree = "<group>"; };
		07F4EEF71D91465D0028A104 /* Assets.xcassets */ = {isa = PBXFileReference; lastKnownFileType = folder.assetcatalog; path = Assets.xcassets; sourceTree = "<group>"; };
		07F4EEFA1D91465D0028A104 /* Base */ = {isa = PBXFileReference; lastKnownFileType = file.storyboard; name = Base; path = Base.lproj/LaunchScreen.storyboard; sourceTree = "<group>"; };
		07F4EEFC1D91465D0028A104 /* Info.plist */ = {isa = PBXFileReference; lastKnownFileType = text.plist.xml; path = Info.plist; sourceTree = "<group>"; };
		07F4EF011D91465D0028A104 /* MyAppTests.xctest */ = {isa = PBXFileReference; explicitFileType = wrapper.cfbundle; includeInIndex = 0; path = MyAppTests.xctest; sourceTree = BUILT_PRODUCTS_DIR; };
		07F4EF051D91465D0028A104 /* MyAppTests.m */ = {isa = PBXFileReference; lastKnownFileType = sourcecode.c.objc; path = MyAppTests.m; sourceTree = "<group>"; };
		07F4EF071D91465D0028A104 /* Info.plist */ = {isa = PBXFileReference; lastKnownFileType = text.plist.xml; path = Info.plist; sourceTree = "<group>"; };
		07F4EF0C1D91465D0028A104 /* MyAppUITests.xctest */ = {isa = PBXFileReference; explicitFileType = wrapper.cfbundle; includeInIndex = 0; path = MyAppUITests.xctest; sourceTree = BUILT_PRODUCTS_DIR; };
		07F4EF101D91465D0028A104 /* MyAppUITests.m */ = {isa = PBXFileReference; lastKnownFileType = sourcecode.c.objc; path = MyAppUITests.m; sourceTree = "<group>"; };
		07F4EF121D91465D0028A104 /* Info.plist */ = {isa = PBXFileReference; lastKnownFileType = text.plist.xml; path = Info.plist; sourceTree = "<group>"; };
/* End PBXFileReference section */

/* Begin PBXFrameworksBuildPhase section */
		07F4EEE51D91465C0028A104 /* Frameworks */ = {
			isa = PBXFrameworksBuildPhase;
			buildActionMask = 2147483647;
			files = (
			);
			runOnlyForDeploymentPostprocessing = 0;
		};
		07F4EEFE1D91465D0028A104 /* Frameworks */ = {
			isa = PBXFrameworksBuildPhase;
			buildActionMask = 2147483647;
			files = (
			);
			runOnlyForDeploymentPostprocessing = 0;
		};
		07F4EF091D91465D0028A104 /* Frameworks */ = {
			isa = PBXFrameworksBuildPhase;
			buildActionMask = 2147483647;
			files = (
			);
			runOnlyForDeploymentPostprocessing = 0;
		};
/* End PBXFrameworksBuildPhase section */

/* Begin PBXGroup section */
		07F4EEDF1D91465C0028A104 = {
			isa = PBXGroup;
			children = (
				07F4EEEA1D91465D0028A104 /* MyApp */,
				07F4EF041D91465D0028A104 /* MyAppTests */,
				07F4EF0F1D91465D0028A104 /* MyAppUITests */,
				07F4EEE91D91465D0028A104 /* Products */,
			);
			sourceTree = "<group>";
		};
		07F4EEE91D91465D0028A104 /* Products */ = {
			isa = PBXGroup;
			children = (
				07F4EEE81D91465D0028A104 /* MyApp.app */,
				07F4EF011D91465D0028A104 /* MyAppTests.xctest */,
				07F4EF0C1D91465D0028A104 /* MyAppUITests.xctest */,
			);
			name = Products;
			sourceTree = "<group>";
		};
		07F4EEEA1D91465D0028A104 /* MyApp */ = {
			isa = PBXGroup;
			children = (
				07F4EEEE1D91465D0028A104 /* AppDelegate.h */,
				07F4EEEF1D91465D0028A104 /* AppDelegate.m */,
				07F4EEF11D91465D0028A104 /* ViewController.h */,
				07F4EEF21D91465D0028A104 /* ViewController.m */,
				07F4EEF41D91465D0028A104 /* Main.storyboard */,
				07F4EEF71D91465D0028A104 /* Assets.xcassets */,
				07F4EEF91D91465D0028A104 /* LaunchScreen.storyboard */,
				07F4EEFC1D91465D0028A104 /* Info.plist */,
				07F4EEEB1D91465D0028A104 /* Supporting Files */,
			);
			path = MyApp;
			sourceTree = "<group>";
		};
		07F4EEEB1D91465D0028A104 /* Supporting Files */ = {
			isa = PBXGroup;
			children = (
				07F4EEEC1D91465D0028A104 /* main.m */,
			);
			name = "Supporting Files";
			sourceTree = "<group>";
		};
		07F4EF041D91465D0028A104 /* MyAppTests */ = {
			isa = PBXGroup;
			children = (
				07F4EF051D91465D0028A104 /* MyAppTests.m */,
				07F4EF071D91465D0028A104 /* Info.plist */,
			);
			path = MyAppTests;
			sourceTree = "<group>";
		};
		07F4EF0F1D91465D0028A104 /* MyAppUITests */ = {
			isa = PBXGroup;
			children = (
				07F4EF101D91465D0028A104 /* MyAppUITests.m */,
				07F4EF121D91465D0028A104 /* Info.plist */,
			);
			path = MyAppUITests;
			sourceTree = "<group>";
		};
/* End PBXGroup section */

/* Begin PBXNativeTarget section */
		07F4EEE71D91465C0028A104 /* MyApp */ = {
			isa = PBXNativeTarget;
			buildConfigurationList = 07F4EF151D91465D0028A104 /* Build configuration list for PBXNativeTarget "MyApp" */;
			buildPhases = (
				07F4EEE41D91465C0028A104 /* Sources */,
				07F4EEE51D91465C0028A104 /* Frameworks */,
				07F4EEE61D91465C0028A104 /* Resources */,
			);
			buildRules = (
			);
			dependencies = (
			);
			name = MyApp;
			productName = MyApp;
			productReference = 07F4EEE81D91465D0028A104 /* MyApp.app */;
			productType = "com.apple.product-type.application";
		};
		07F4EF001D91465D0028A104 /* MyAppTests */ = {
			isa = PBXNativeTarget;
			buildConfigurationList = 07F4EF181D91465D0028A104 /* Build configuration list for PBXNativeTarget "MyAppTests" */;
			buildPhases = (
				07F4EEFD1D91465D0028A104 /* Sources */,
				07F4EEFE1D91465D0028A104 /* Frameworks */,
				07F4EEFF1D91465D0028A104 /* Resources */,
			);
			buildRules = (
			);
			dependencies = (
				07F4EF031D91465D0028A104 /* PBXTargetDependency */,
			);
			name = MyAppTests;
			productName = MyAppTests;
			productReference = 07F4EF011D91465D0028A104 /* MyAppTests.xctest */;
			productType = "com.apple.product-type.bundle.unit-test";
		};
		07F4EF0B1D91465D0028A104 /* MyAppUITests */ = {
			isa = PBXNativeTarget;
			buildConfigurationList = 07F4EF1B1D91465D0028A104 /* Build configuration list for PBXNativeTarget "MyAppUITests" */;
			buildPhases = (
				07F4EF081D91465D0028A104 /* Sources */,
				07F4EF091D91465D0028A104 /* Frameworks */,
				07F4EF0A1D91465D0028A104 /* Resources */,
			);
			buildRules = (
			);
			dependencies = (
				07F4EF0E1D91465D0028A104 /* PBXTargetDependency */,
			);
			name = MyAppUITests;
			productName = MyAppUITests;
			productReference = 07F4EF0C1D91465D0028A104 /* MyAppUITests.xctest */;
			productType = "com.apple.product-type.bundle.ui-testing";
		};
/* End PBXNativeTarget section */

/* Begin PBXProject section */
		07F4EEE01D91465C0028A104 /* Project object */ = {
			isa = PBXProject;
			attributes = {
				LastUpgradeCheck = 0800;
				ORGANIZATIONNAME = "Aakash Suresh";
				TargetAttributes = {
					07F4EEE71D91465C0028A104 = {
						CreatedOnToolsVersion = 8.0;
						ProvisioningStyle = Automatic;
					};
					07F4EF001D91465D0028A104 = {
						CreatedOnToolsVersion = 8.0;
						ProvisioningStyle = Automatic;
						TestTargetID = 07F4EEE71D91465C0028A104;
					};
					07F4EF0B1D91465D0028A104 = {
						CreatedOnToolsVersion = 8.0;
						ProvisioningStyle = Automatic;
						TestTargetID = 07F4EEE71D91465C0028A104;
					};
				};
			};
			buildConfigurationList = 07F4EEE31D91465C0028A104 /* Build configuration list for PBXProject "MyApp" */;
			compatibilityVersion = "Xcode 3.2";
			developmentRegion = English;
			hasScannedForEncodings = 0;
			knownRegions = (
				en,
				Base,
			);
			mainGroup = 07F4EEDF1D91465C0028A104;
			productRefGroup = 07F4EEE91D91465D0028A104 /* Products */;
			projectDirPath = "";
			projectRoot = "";
			targets = (
				07F4EEE71D91465C0028A104 /* MyApp */,
				07F4EF001D91465D0028A104 /* MyAppTests */,
				07F4EF0B1D91465D0028A104 /* MyAppUITests */,
			);
		};
/* End PBXProject section */

/* Begin PBXResourcesBuildPhase section */
		07F4EEE61D91465C0028A104 /* Resources */ = {
			isa = PBXResourcesBuildPhase;
			buildActionMask = 2147483647;
			files = (
				07F4EEFB1D91465D0028A104 /* LaunchScreen.storyboard in Resources */,
				07F4EEF81D91465D0028A104 /* Assets.xcassets in Resources */,
				07F4EEF61D91465D0028A104 /* Main.storyboard in Resources */,
			);
			runOnlyForDeploymentPostprocessing = 0;
		};
		07F4EEFF1D91465D0028A104 /* Resources */ = {
			isa = PBXResourcesBuildPhase;
			buildActionMask = 2147483647;
			files = (
			);
			runOnlyForDeploymentPostprocessing = 0;
		};
		07F4EF0A1D91465D0028A104 /* Resources */ = {
			isa = PBXResourcesBuildPhase;
			buildActionMask = 2147483647;
			files = (
			);
			runOnlyForDeploymentPostprocessing = 0;
		};
/* End PBXResourcesBuildPhase section */

/* Begin PBXSourcesBuildPhase section */
		07F4EEE41D91465C0028A104 /* Sources */ = {
			isa = PBXSourcesBuildPhase;
			buildActionMask = 2147483647;
			files = (
				07F4EEF31D91465D0028A104 /* ViewController.m in Sources */,
				07F4EEF01D91465D0028A104 /* AppDelegate.m in Sources */,
				07F4EEED1D91465D0028A104 /* main.m in Sources */,
			);
			runOnlyForDeploymentPostprocessing = 0;
		};
		07F4EEFD1D91465D0028A104 /* Sources */ = {
			isa = PBXSourcesBuildPhase;
			buildActionMask = 2147483647;
			files = (
				07F4EF061D91465D0028A104 /* MyAppTests.m in Sources */,
			);
			runOnlyForDeploymentPostprocessing = 0;
		};
		07F4EF081D91465D0028A104 /* Sources */ = {
			isa = PBXSourcesBuildPhase;
			buildActionMask = 2147483647;
			files = (
				07F4EF111D91465D0028A104 /* MyAppUITests.m in Sources */,
			);
			runOnlyForDeploymentPostprocessing = 0;
		};
/* End PBXSourcesBuildPhase section */

/* Begin PBXTargetDependency section */
		07F4EF031D91465D0028A104 /* PBXTargetDependency */ = {
			isa = PBXTargetDependency;
			target = 07F4EEE71D91465C0028A104 /* MyApp */;
			targetProxy = 07F4EF021D91465D0028A104 /* PBXContainerItemProxy */;
		};
		07F4EF0E1D91465D0028A104 /* PBXTargetDependency */ = {
			isa = PBXTargetDependency;
			target = 07F4EEE71D91465C0028A104 /* MyApp */;
			targetProxy = 07F4EF0D1D91465D0028A104 /* PBXContainerItemProxy */;
		};
/* End PBXTargetDependency section */

/* Begin PBXVariantGroup section */
		07F4EEF41D91465D0028A104 /* Main.storyboard */ = {
			isa = PBXVariantGroup;
			children = (
				07F4EEF51D91465D0028A104 /* Base */,
			);
			name = Main.storyboard;
			sourceTree = "<group>";
		};
		07F4EEF91D91465D0028A104 /* LaunchScreen.storyboard */ = {
			isa = PBXVariantGroup;
			children = (
				07F4EEFA1D91465D0028A104 /* Base */,
			);
			name = LaunchScreen.storyboard;
			sourceTree = "<group>";
		};
/* End PBXVariantGroup section */

/* Begin XCBuildConfiguration section */
		07F4EF131D91465D0028A104 /* Debug */ = {
			isa = XCBuildConfiguration;
			buildSettings = {
				ALWAYS_SEARCH_USER_PATHS = NO;
				CLANG_ANALYZER_NONNULL = YES;
				CLANG_CXX_LANGUAGE_STANDARD = "gnu++0x";
				CLANG_CXX_LIBRARY = "libc++";
				CLANG_ENABLE_MODULES = YES;
				CLANG_ENABLE_OBJC_ARC = YES;
				CLANG_WARN_BOOL_CONVERSION = YES;
				CLANG_WARN_CONSTANT_CONVERSION = YES;
				CLANG_WARN_DIRECT_OBJC_ISA_USAGE = YES_ERROR;
				CLANG_WARN_DOCUMENTATION_COMMENTS = YES;
				CLANG_WARN_EMPTY_BODY = YES;
				CLANG_WARN_ENUM_CONVERSION = YES;
				CLANG_WARN_INFINITE_RECURSION = YES;
				CLANG_WARN_INT_CONVERSION = YES;
				CLANG_WARN_OBJC_ROOT_CLASS = YES_ERROR;
				CLANG_WARN_SUSPICIOUS_MOVES = YES;
				CLANG_WARN_UNREACHABLE_CODE = YES;
				CLANG_WARN__DUPLICATE_METHOD_MATCH = YES;
				"CODE_SIGN_IDENTITY[sdk=iphoneos*]" = "iPhone Developer";
				COPY_PHASE_STRIP = NO;
				DEBUG_INFORMATION_FORMAT = dwarf;
				ENABLE_STRICT_OBJC_MSGSEND = YES;
				ENABLE_TESTABILITY = YES;
				GCC_C_LANGUAGE_STANDARD = gnu99;
				GCC_DYNAMIC_NO_PIC = NO;
				GCC_NO_COMMON_BLOCKS = YES;
				GCC_OPTIMIZATION_LEVEL = 0;
				GCC_PREPROCESSOR_DEFINITIONS = (
					"DEBUG=1",
					"$(inherited)",
				);
				GCC_WARN_64_TO_32_BIT_CONVERSION = YES;
				GCC_WARN_ABOUT_RETURN_TYPE = YES_ERROR;
				GCC_WARN_UNDECLARED_SELECTOR = YES;
				GCC_WARN_UNINITIALIZED_AUTOS = YES_AGGRESSIVE;
				GCC_WARN_UNUSED_FUNCTION = YES;
				GCC_WARN_UNUSED_VARIABLE = YES;
				IPHONEOS_DEPLOYMENT_TARGET = 10.0;
				MTL_ENABLE_DEBUG_INFO = YES;
				ONLY_ACTIVE_ARCH = YES;
				SDKROOT = iphoneos;
			};
			name = Debug;
		};
		07F4EF141D91465D0028A104 /* Release */ = {
			isa = XCBuildConfiguration;
			buildSettings = {
				ALWAYS_SEARCH_USER_PATHS = NO;
				CLANG_ANALYZER_NONNULL = YES;
				CLANG_CXX_LANGUAGE_STANDARD = "gnu++0x";
				CLANG_CXX_LIBRARY = "libc++";
				CLANG_ENABLE_MODULES = YES;
				CLANG_ENABLE_OBJC_ARC = YES;
				CLANG_WARN_BOOL_CONVERSION = YES;
				CLANG_WARN_CONSTANT_CONVERSION = YES;
				CLANG_WARN_DIRECT_OBJC_ISA_USAGE = YES_ERROR;
				CLANG_WARN_DOCUMENTATION_COMMENTS = YES;
				CLANG_WARN_EMPTY_BODY = YES;
				CLANG_WARN_ENUM_CONVERSION = YES;
				CLANG_WARN_INFINITE_RECURSION = YES;
				CLANG_WARN_INT_CONVERSION = YES;
				CLANG_WARN_OBJC_ROOT_CLASS = YES_ERROR;
				CLANG_WARN_SUSPICIOUS_MOVES = YES;
				CLANG_WARN_UNREACHABLE_CODE = YES;
				CLANG_WARN__DUPLICATE_METHOD_MATCH = YES;
				"CODE_SIGN_IDENTITY[sdk=iphoneos*]" = "iPhone Developer";
				COPY_PHASE_STRIP = NO;
				DEBUG_INFORMATION_FORMAT = "dwarf-with-dsym";
				ENABLE_NS_ASSERTIONS = NO;
				ENABLE_STRICT_OBJC_MSGSEND = YES;
				GCC_C_LANGUAGE_STANDARD = gnu99;
				GCC_NO_COMMON_BLOCKS = YES;
				GCC_WARN_64_TO_32_BIT_CONVERSION = YES;
				GCC_WARN_ABOUT_RETURN_TYPE = YES_ERROR;
				GCC_WARN_UNDECLARED_SELECTOR = YES;
				GCC_WARN_UNINITIALIZED_AUTOS = YES_AGGRESSIVE;
				GCC_WARN_UNUSED_FUNCTION = YES;
				GCC_WARN_UNUSED_VARIABLE = YES;
				IPHONEOS_DEPLOYMENT_TARGET = 10.0;
				MTL_ENABLE_DEBUG_INFO = NO;
				SDKROOT = iphoneos;
				VALIDATE_PRODUCT = YES;
			};
			name = Release;
		};
		07F4EF161D91465D0028A104 /* Debug */ = {
			isa = XCBuildConfiguration;
			buildSettings = {
				ASSETCATALOG_COMPILER_APPICON_NAME = AppIcon;
				INFOPLIST_FILE = MyApp/Info.plist;
				LD_RUNPATH_SEARCH_PATHS = "$(inherited) @executable_path/Frameworks";
				PRODUCT_BUNDLE_IDENTIFIER = com.poop.MyApp;
				PRODUCT_NAME = "$(TARGET_NAME)";
			};
			name = Debug;
		};
		07F4EF171D91465D0028A104 /* Release */ = {
			isa = XCBuildConfiguration;
			buildSettings = {
				ASSETCATALOG_COMPILER_APPICON_NAME = AppIcon;
				INFOPLIST_FILE = MyApp/Info.plist;
				LD_RUNPATH_SEARCH_PATHS = "$(inherited) @executable_path/Frameworks";
				PRODUCT_BUNDLE_IDENTIFIER = com.poop.MyApp;
				PRODUCT_NAME = "$(TARGET_NAME)";
			};
			name = Release;
		};
		07F4EF191D91465D0028A104 /* Debug */ = {
			isa = XCBuildConfiguration;
			buildSettings = {
				BUNDLE_LOADER = "$(TEST_HOST)";
				INFOPLIST_FILE = MyAppTests/Info.plist;
				LD_RUNPATH_SEARCH_PATHS = "$(inherited) @executable_path/Frameworks @loader_path/Frameworks";
				PRODUCT_BUNDLE_IDENTIFIER = com.poop.MyAppTests;
				PRODUCT_NAME = "$(TARGET_NAME)";
				TEST_HOST = "$(BUILT_PRODUCTS_DIR)/MyApp.app/MyApp";
			};
			name = Debug;
		};
		07F4EF1A1D91465D0028A104 /* Release */ = {
			isa = XCBuildConfiguration;
			buildSettings = {
				BUNDLE_LOADER = "$(TEST_HOST)";
				INFOPLIST_FILE = MyAppTests/Info.plist;
				LD_RUNPATH_SEARCH_PATHS = "$(inherited) @executable_path/Frameworks @loader_path/Frameworks";
				PRODUCT_BUNDLE_IDENTIFIER = com.poop.MyAppTests;
				PRODUCT_NAME = "$(TARGET_NAME)";
				TEST_HOST = "$(BUILT_PRODUCTS_DIR)/MyApp.app/MyApp";
			};
			name = Release;
		};
		07F4EF1C1D91465D0028A104 /* Debug */ = {
			isa = XCBuildConfiguration;
			buildSettings = {
				INFOPLIST_FILE = MyAppUITests/Info.plist;
				LD_RUNPATH_SEARCH_PATHS = "$(inherited) @executable_path/Frameworks @loader_path/Frameworks";
				PRODUCT_BUNDLE_IDENTIFIER = com.poop.MyAppUITests;
				PRODUCT_NAME = "$(TARGET_NAME)";
				TEST_TARGET_NAME = MyApp;
			};
			name = Debug;
		};
		07F4EF1D1D91465D0028A104 /* Release */ = {
			isa = XCBuildConfiguration;
			buildSettings = {
				INFOPLIST_FILE = MyAppUITests/Info.plist;
				LD_RUNPATH_SEARCH_PATHS = "$(inherited) @executable_path/Frameworks @loader_path/Frameworks";
				PRODUCT_BUNDLE_IDENTIFIER = com.poop.MyAppUITests;
				PRODUCT_NAME = "$(TARGET_NAME)";
				TEST_TARGET_NAME = MyApp;
			};
			name = Release;
		};
/* End XCBuildConfiguration section */

/* Begin XCConfigurationList section */
		07F4EEE31D91465C0028A104 /* Build configuration list for PBXProject "MyApp" */ = {
			isa = XCConfigurationList;
			buildConfigurations = (
				07F4EF131D91465D0028A104 /* Debug */,
				07F4EF141D91465D0028A104 /* Release */,
			);
			defaultConfigurationIsVisible = 0;
			defaultConfigurationName = Release;
		};
		07F4EF151D91465D0028A104 /* Build configuration list for PBXNativeTarget "MyApp" */ = {
			isa = XCConfigurationList;
			buildConfigurations = (
				07F4EF161D91465D0028A104 /* Debug */,
				07F4EF171D91465D0028A104 /* Release */,
			);
			defaultConfigurationIsVisible = 0;
		};
		07F4EF181D91465D0028A104 /* Build configuration list for PBXNativeTarget "MyAppTests" */ = {
			isa = XCConfigurationList;
			buildConfigurations = (
				07F4EF191D91465D0028A104 /* Debug */,
				07F4EF1A1D91465D0028A104 /* Release */,
			);
			defaultConfigurationIsVisible = 0;
		};
		07F4EF1B1D91465D0028A104 /* Build configuration list for PBXNativeTarget "MyAppUITests" */ = {
			isa = XCConfigurationList;
			buildConfigurations = (
				07F4EF1C1D91465D0028A104 /* Debug */,
				07F4EF1D1D91465D0028A104 /* Release */,
			);
			defaultConfigurationIsVisible = 0;
		};
/* End XCConfigurationList section */
	};
	rootObject = 07F4EEE01D91465C0028A104 /* Project object */;
}
